
Microsoft Visual Studio Solution File, Format Version 12.00
# Visual Studio Version 16
VisualStudioVersion = 16.0.30104.148
MinimumVisualStudioVersion = 10.0.40219.1
Project("{8BC9CEB8-8B4A-11D0-8D11-00A0C91BC942}") = "PointPicker", "PointPicker\PointPicker.vcxproj", "{D6E2F799-0F77-4E8E-8B62-E8B51E1EAA0C}"
	ProjectSection(ProjectDependencies) = postProject
		{62D74672-958E-43AB-8326-EDD104916D15} = {62D74672-958E-43AB-8326-EDD104916D15}
	EndProjectSection
EndProject
Project("{8BC9CEB8-8B4A-11D0-8D11-00A0C91BC942}") = "Example1", "Example1\Example1.vcxproj", "{D1FFF330-FBDF-46FE-9F0B-649709F29896}"
	ProjectSection(ProjectDependencies) = postProject
		{62D74672-958E-43AB-8326-EDD104916D15} = {62D74672-958E-43AB-8326-EDD104916D15}
	EndProjectSection
EndProject
Project("{8BC9CEB8-8B4A-11D0-8D11-00A0C91BC942}") = "Example3", "Example3\Example3.vcxproj", "{0AE29B44-19FD-4A3E-AC27-93AB06AE12AB}"
	ProjectSection(ProjectDependencies) = postProject
		{62D74672-958E-43AB-8326-EDD104916D15} = {62D74672-958E-43AB-8326-EDD104916D15}
	EndProjectSection
EndProject
Project("{8BC9CEB8-8B4A-11D0-8D11-00A0C91BC942}") = "Example2", "Example2\Example2.vcxproj", "{9266A440-9187-41F7-85C7-82DF0E110143}"
EndProject
Project("{8BC9CEB8-8B4A-11D0-8D11-00A0C91BC942}") = "SVFEngine", "SVFEngine\SVFEngine.vcxproj", "{62D74672-958E-43AB-8326-EDD104916D15}"
EndProject
Global
	GlobalSection(SolutionConfigurationPlatforms) = preSolution
		Release|x64 = Release|x64
		ReleaseD|x64 = ReleaseD|x64
	EndGlobalSection
	GlobalSection(ProjectConfigurationPlatforms) = postSolution
		{D6E2F799-0F77-4E8E-8B62-E8B51E1EAA0C}.Release|x64.ActiveCfg = Release|x64
		{D6E2F799-0F77-4E8E-8B62-E8B51E1EAA0C}.Release|x64.Build.0 = Release|x64
		{D6E2F799-0F77-4E8E-8B62-E8B51E1EAA0C}.ReleaseD|x64.ActiveCfg = ReleaseD|x64
		{D6E2F799-0F77-4E8E-8B62-E8B51E1EAA0C}.ReleaseD|x64.Build.0 = ReleaseD|x64
		{D1FFF330-FBDF-46FE-9F0B-649709F29896}.Release|x64.ActiveCfg = Release|x64
		{D1FFF330-FBDF-46FE-9F0B-649709F29896}.Release|x64.Build.0 = Release|x64
		{D1FFF330-FBDF-46FE-9F0B-649709F29896}.ReleaseD|x64.ActiveCfg = ReleaseD|x64
		{D1FFF330-FBDF-46FE-9F0B-649709F29896}.ReleaseD|x64.Build.0 = ReleaseD|x64
		{0AE29B44-19FD-4A3E-AC27-93AB06AE12AB}.Release|x64.ActiveCfg = Release|x64
		{0AE29B44-19FD-4A3E-AC27-93AB06AE12AB}.Release|x64.Build.0 = Release|x64
		{0AE29B44-19FD-4A3E-AC27-93AB06AE12AB}.ReleaseD|x64.ActiveCfg = ReleaseD|x64
		{0AE29B44-19FD-4A3E-AC27-93AB06AE12AB}.ReleaseD|x64.Build.0 = ReleaseD|x64
		{9266A440-9187-41F7-85C7-82DF0E110143}.Release|x64.ActiveCfg = Release|x64
		{9266A440-9187-41F7-85C7-82DF0E110143}.Release|x64.Build.0 = Release|x64
		{9266A440-9187-41F7-85C7-82DF0E110143}.ReleaseD|x64.ActiveCfg = ReleaseD|x64
		{9266A440-9187-41F7-85C7-82DF0E110143}.ReleaseD|x64.Build.0 = ReleaseD|x64
		{62D74672-958E-43AB-8326-EDD104916D15}.Release|x64.ActiveCfg = Release|x64
		{62D74672-958E-43AB-8326-EDD104916D15}.Release|x64.Build.0 = Release|x64
		{62D74672-958E-43AB-8326-EDD104916D15}.ReleaseD|x64.ActiveCfg = ReleaseD|x64
		{62D74672-958E-43AB-8326-EDD104916D15}.ReleaseD|x64.Build.0 = ReleaseD|x64
	EndGlobalSection
	GlobalSection(SolutionProperties) = preSolution
		HideSolutionNode = FALSE
	EndGlobalSection
	GlobalSection(ExtensibilityGlobals) = postSolution
		SolutionGuid = {CE4EC8B0-FDD8-47DF-82E2-198FD0ED9FD5}
	EndGlobalSection
EndGlobal
